
Microsoft Visual Studio Solution File, Format Version 12.00
# Visual Studio Version 17
VisualStudioVersion = 17.6.33417.168
MinimumVisualStudioVersion = 10.0.40219.1
Project("{FAE04EC0-301F-11D3-BF4B-00C04F79EFBC}") = "MovieStore", "MovieStore\MovieStore.csproj", "{5BCD47E4-9B8E-4C2C-9030-344F737FD00F}"
EndProject
Global
	GlobalSection(SolutionConfigurationPlatforms) = preSolution
		Debug|Any CPU = Debug|Any CPU
		Release|Any CPU = Release|Any CPU
	EndGlobalSection
	GlobalSection(ProjectConfigurationPlatforms) = postSolution
		{5BCD47E4-9B8E-4C2C-9030-344F737FD00F}.Debug|Any CPU.ActiveCfg = Debug|Any CPU
		{5BCD47E4-9B8E-4C2C-9030-344F737FD00F}.Debug|Any CPU.Build.0 = Debug|Any CPU
		{5BCD47E4-9B8E-4C2C-9030-344F737FD00F}.Release|Any CPU.ActiveCfg = Release|Any CPU
		{5BCD47E4-9B8E-4C2C-9030-344F737FD00F}.Release|Any CPU.Build.0 = Release|Any CPU
	EndGlobalSection
	GlobalSection(SolutionProperties) = preSolution
		HideSolutionNode = FALSE
	EndGlobalSection
	GlobalSection(ExtensibilityGlobals) = postSolution
		SolutionGuid = {ACD60975-A34B-41E5-8D05-88FE71CC5CB2}
	EndGlobalSection
EndGlobal
